
Microsoft Visual Studio Solution File, Format Version 12.00

Project("{2150E333-8FDC-42A3-9474-1A3956D46DE8}") = "metadata", ".\", "{F1A57014-71CE-4032-A652-01B7E35E14DB}"
	ProjectSection(SolutionItems) = preProject
		.gitignore = .gitignore
		README.md = README.md
		Directory.Build.props = Directory.Build.props
	EndProjectSection
EndProject
Project("{FAE04EC0-301F-11D3-BF4B-00C04F79EFBC}") = "Remora.Plugins", "Remora.Plugins\Remora.Plugins.csproj", "{FC078E85-8757-4813-A0F0-D92D42053488}"
EndProject
Project("{FAE04EC0-301F-11D3-BF4B-00C04F79EFBC}") = "Remora.Plugins.Abstractions", "Remora.Plugins.Abstractions\Remora.Plugins.Abstractions.csproj", "{CF9709D0-4A03-4446-8292-8CFEB859075F}"
EndProject
Project("{2150E333-8FDC-42A3-9474-1A3956D46DE8}") = ".github", ".github", "{C7464C95-26C5-487E-A2B3-7106D03A8CE2}"
EndProject
Project("{2150E333-8FDC-42A3-9474-1A3956D46DE8}") = "workflows", "workflows", "{D9983479-F17E-4B51-A73A-F67B3457F6F3}"
	ProjectSection(SolutionItems) = preProject
		.github\workflows\dotnet.yml = .github\workflows\dotnet.yml
	EndProjectSection
EndProject

Global
	GlobalSection(SolutionConfigurationPlatforms) = preSolution
		Debug|Any CPU = Debug|Any CPU
		Release|Any CPU = Release|Any CPU
	EndGlobalSection
	GlobalSection(ProjectConfigurationPlatforms) = postSolution
		{FC078E85-8757-4813-A0F0-D92D42053488}.Debug|Any CPU.ActiveCfg = Debug|Any CPU
		{FC078E85-8757-4813-A0F0-D92D42053488}.Debug|Any CPU.Build.0 = Debug|Any CPU
		{FC078E85-8757-4813-A0F0-D92D42053488}.Release|Any CPU.ActiveCfg = Release|Any CPU
		{FC078E85-8757-4813-A0F0-D92D42053488}.Release|Any CPU.Build.0 = Release|Any CPU
		{CF9709D0-4A03-4446-8292-8CFEB859075F}.Debug|Any CPU.ActiveCfg = Debug|Any CPU
		{CF9709D0-4A03-4446-8292-8CFEB859075F}.Debug|Any CPU.Build.0 = Debug|Any CPU
		{CF9709D0-4A03-4446-8292-8CFEB859075F}.Release|Any CPU.ActiveCfg = Release|Any CPU
		{CF9709D0-4A03-4446-8292-8CFEB859075F}.Release|Any CPU.Build.0 = Release|Any CPU
	EndGlobalSection
	GlobalSection(NestedProjects) = preSolution
		{C7464C95-26C5-487E-A2B3-7106D03A8CE2} = {F1A57014-71CE-4032-A652-01B7E35E14DB}
		{D9983479-F17E-4B51-A73A-F67B3457F6F3} = {C7464C95-26C5-487E-A2B3-7106D03A8CE2}
	EndGlobalSection
EndGlobal
